PODS:
  - SSKeychain (1.4.1)
  - XXDeviceTool (0.1.0):
    - SSKeychain

DEPENDENCIES:
  - XXDeviceTool (from `../`)

EXTERNAL SOURCES:
  XXDeviceTool:
    :path: ../

SPEC CHECKSUMS:
  SSKeychain: 55cc80f66f5c73da827e3077f02e43528897db41
  XXDeviceTool: 11ad3fa428a1894ff5b5edeca74f34fcf4aeceec

PODFILE CHECKSUM: a258ebbb3be09b198daaa5affa5eb264617547d6

COCOAPODS: 1.1.1
